
Microsoft Visual Studio Solution File, Format Version 12.00
# Visual Studio Version 16
VisualStudioVersion = 16.0.809.0
MinimumVisualStudioVersion = 10.0.40219.1
Project("{FAE04EC0-301F-11D3-BF4B-00C04F79EFBC}") = "Kinderkultur-TicketinoClient", "Kinderkultur-TicketinoClient.csproj", "{D5807FB1-FD39-4DF4-B0D0-BB710C080287}"
EndProject
Global
	GlobalSection(SolutionConfigurationPlatforms) = preSolution
		Debug|Any CPU = Debug|Any CPU
		Release|Any CPU = Release|Any CPU
	EndGlobalSection
	GlobalSection(ProjectConfigurationPlatforms) = postSolution
		{D5807FB1-FD39-4DF4-B0D0-BB710C080287}.Debug|Any CPU.ActiveCfg = Debug|Any CPU
		{D5807FB1-FD39-4DF4-B0D0-BB710C080287}.Debug|Any CPU.Build.0 = Debug|Any CPU
		{D5807FB1-FD39-4DF4-B0D0-BB710C080287}.Release|Any CPU.ActiveCfg = Release|Any CPU
		{D5807FB1-FD39-4DF4-B0D0-BB710C080287}.Release|Any CPU.Build.0 = Release|Any CPU
	EndGlobalSection
	GlobalSection(SolutionProperties) = preSolution
		HideSolutionNode = FALSE
	EndGlobalSection
	GlobalSection(ExtensibilityGlobals) = postSolution
		SolutionGuid = {F1AB8E0D-AE63-4A5E-A713-BC463F63CD40}
	EndGlobalSection
EndGlobal
